
Microsoft Visual Studio Solution File, Format Version 12.00
Project("{FAE04EC0-301F-11D3-BF4B-00C04F79EFBC}") = "TrySql", "TrySql\TrySql.csproj", "{03796BAF-CD89-43B8-B632-6CD9EE44A4FB}"
EndProject
Global
	GlobalSection(SolutionConfigurationPlatforms) = preSolution
		Debug|Any CPU = Debug|Any CPU
		Release|Any CPU = Release|Any CPU
	EndGlobalSection
	GlobalSection(ProjectConfigurationPlatforms) = postSolution
		{03796BAF-CD89-43B8-B632-6CD9EE44A4FB}.Debug|Any CPU.ActiveCfg = Debug|Any CPU
		{03796BAF-CD89-43B8-B632-6CD9EE44A4FB}.Debug|Any CPU.Build.0 = Debug|Any CPU
		{03796BAF-CD89-43B8-B632-6CD9EE44A4FB}.Release|Any CPU.ActiveCfg = Release|Any CPU
		{03796BAF-CD89-43B8-B632-6CD9EE44A4FB}.Release|Any CPU.Build.0 = Release|Any CPU
	EndGlobalSection
EndGlobal
